
Microsoft Visual Studio Solution File, Format Version 12.00
# Visual Studio 14
VisualStudioVersion = 14.0.23107.0
MinimumVisualStudioVersion = 10.0.40219.1
Project("{FAE04EC0-301F-11D3-BF4B-00C04F79EFBC}") = "lecture-convert", "lecture-convert.csproj", "{356DEBD9-05C1-4D46-84AE-02167CDBE856}"
EndProject
Global
	GlobalSection(SolutionConfigurationPlatforms) = preSolution
		Debug|Any CPU = Debug|Any CPU
		Release|Any CPU = Release|Any CPU
	EndGlobalSection
	GlobalSection(ProjectConfigurationPlatforms) = postSolution
		{356DEBD9-05C1-4D46-84AE-02167CDBE856}.Debug|Any CPU.ActiveCfg = Debug|Any CPU
		{356DEBD9-05C1-4D46-84AE-02167CDBE856}.Debug|Any CPU.Build.0 = Debug|Any CPU
		{356DEBD9-05C1-4D46-84AE-02167CDBE856}.Release|Any CPU.ActiveCfg = Release|Any CPU
		{356DEBD9-05C1-4D46-84AE-02167CDBE856}.Release|Any CPU.Build.0 = Release|Any CPU
	EndGlobalSection
	GlobalSection(SolutionProperties) = preSolution
		HideSolutionNode = FALSE
	EndGlobalSection
EndGlobal
